
Microsoft Visual Studio Solution File, Format Version 12.00
# Visual Studio Version 17
VisualStudioVersion = 17.10.35122.118
MinimumVisualStudioVersion = 10.0.40219.1
Project("{9A19103F-16F7-4668-BE54-9A1E7A4F7556}") = "MineSweeper", "MineSweeper\MineSweeper.csproj", "{DDC108B1-C768-48FD-B9DA-2CE7EA4A99E4}"
EndProject
Project("{9A19103F-16F7-4668-BE54-9A1E7A4F7556}") = "BMICalculator", "..\BMICalculator\BMICalculator\BMICalculator.csproj", "{73078FCB-19A7-47C6-ACC6-F40247D01BB4}"
EndProject
Global
	GlobalSection(SolutionConfigurationPlatforms) = preSolution
		Debug|Any CPU = Debug|Any CPU
		Release|Any CPU = Release|Any CPU
	EndGlobalSection
	GlobalSection(ProjectConfigurationPlatforms) = postSolution
		{DDC108B1-C768-48FD-B9DA-2CE7EA4A99E4}.Debug|Any CPU.ActiveCfg = Debug|Any CPU
		{DDC108B1-C768-48FD-B9DA-2CE7EA4A99E4}.Debug|Any CPU.Build.0 = Debug|Any CPU
		{DDC108B1-C768-48FD-B9DA-2CE7EA4A99E4}.Release|Any CPU.ActiveCfg = Release|Any CPU
		{DDC108B1-C768-48FD-B9DA-2CE7EA4A99E4}.Release|Any CPU.Build.0 = Release|Any CPU
		{73078FCB-19A7-47C6-ACC6-F40247D01BB4}.Debug|Any CPU.ActiveCfg = Debug|Any CPU
		{73078FCB-19A7-47C6-ACC6-F40247D01BB4}.Debug|Any CPU.Build.0 = Debug|Any CPU
		{73078FCB-19A7-47C6-ACC6-F40247D01BB4}.Release|Any CPU.ActiveCfg = Release|Any CPU
		{73078FCB-19A7-47C6-ACC6-F40247D01BB4}.Release|Any CPU.Build.0 = Release|Any CPU
	EndGlobalSection
	GlobalSection(SolutionProperties) = preSolution
		HideSolutionNode = FALSE
	EndGlobalSection
	GlobalSection(ExtensibilityGlobals) = postSolution
		SolutionGuid = {540E8ACF-EF33-439B-8161-4C6A5EBF3D81}
	EndGlobalSection
EndGlobal
